// !$*UTF8*$!
{
	archiveVersion = 1;
	classes = {
	};
	objectVersion = 46;
	objects = {

/* Begin PBXBuildFile section */
		1C53B6BE1AD8E61100B74C57 /* mapsLatLongOverlay3.png in Resources */ = {isa = PBXBuildFile; fileRef = 1C53B6BD1AD8E61100B74C57 /* mapsLatLongOverlay3.png */; };
		1C78AF611AE031EF00F4A9E8 /* BuildingAnnotation.swift in Sources */ = {isa = PBXBuildFile; fileRef = 1C78AF601AE031EF00F4A9E8 /* BuildingAnnotation.swift */; };
		1C78AF631AE0350F00F4A9E8 /* BuildingAnnotationView.swift in Sources */ = {isa = PBXBuildFile; fileRef = 1C78AF621AE0350F00F4A9E8 /* BuildingAnnotationView.swift */; };
		1C8D060C1ACCCE9F000F674B /* campusTestOverlay.png in Resources */ = {isa = PBXBuildFile; fileRef = 1C8D060B1ACCCE9F000F674B /* campusTestOverlay.png */; };
		1C8D060E1ACCD3BB000F674B /* CampusOverlay.swift in Sources */ = {isa = PBXBuildFile; fileRef = 1C8D060D1ACCD3BB000F674B /* CampusOverlay.swift */; };
		1C8D06101ACCD5D5000F674B /* MagicMountainAttractions.plist in Resources */ = {isa = PBXBuildFile; fileRef = 1C8D060F1ACCD5D5000F674B /* MagicMountainAttractions.plist */; };
		1C8D06121ACCD629000F674B /* CampusCoords.plist in Resources */ = {isa = PBXBuildFile; fileRef = 1C8D06111ACCD629000F674B /* CampusCoords.plist */; };
		1C8D06141ACCD755000F674B /* Campus.swift in Sources */ = {isa = PBXBuildFile; fileRef = 1C8D06131ACCD755000F674B /* Campus.swift */; };
		1C8D40871AE6C8AE0012A0E1 /* CampusCoordsBuildings.plist in Resources */ = {isa = PBXBuildFile; fileRef = 1C8D40861AE6C8AE0012A0E1 /* CampusCoordsBuildings.plist */; };
		1C8D408C1AE70C220012A0E1 /* black128x128.png in Resources */ = {isa = PBXBuildFile; fileRef = 1C8D408B1AE70C210012A0E1 /* black128x128.png */; };
		1C8D40901AE70CF10012A0E1 /* trans128x128.png in Resources */ = {isa = PBXBuildFile; fileRef = 1C8D408F1AE70CF10012A0E1 /* trans128x128.png */; };
		1C8D40921AE7125A0012A0E1 /* CustomCalloutView.swift in Sources */ = {isa = PBXBuildFile; fileRef = 1C8D40911AE7125A0012A0E1 /* CustomCalloutView.swift */; };
		1C8D40941AE719700012A0E1 /* 40x40.gif in Resources */ = {isa = PBXBuildFile; fileRef = 1C8D40931AE719700012A0E1 /* 40x40.gif */; };
		1C8D409F1AE891B00012A0E1 /* TauCenter_exterior.jpg in Resources */ = {isa = PBXBuildFile; fileRef = 1C8D40951AE891B00012A0E1 /* TauCenter_exterior.jpg */; };
		1C8D40A01AE891B00012A0E1 /* Lourdes_exterior.jpg in Resources */ = {isa = PBXBuildFile; fileRef = 1C8D40961AE891B00012A0E1 /* Lourdes_exterior.jpg */; };
		1C8D40D61AE9C1EF0012A0E1 /* Morey Hall.jpg in Resources */ = {isa = PBXBuildFile; fileRef = 1C8D40D51AE9C1EF0012A0E1 /* Morey Hall.jpg */; };
		1C8D40D91AE9C7B60012A0E1 /* Richards Hall.jpg in Resources */ = {isa = PBXBuildFile; fileRef = 1C8D40D81AE9C7B60012A0E1 /* Richards Hall.jpg */; };
		1C8D40DD1AE9CDE80012A0E1 /* Conway.jpg in Resources */ = {isa = PBXBuildFile; fileRef = 1C8D40DC1AE9CDE80012A0E1 /* Conway.jpg */; };
		1C8D40DF1AE9CF410012A0E1 /* Stark Hall.jpg in Resources */ = {isa = PBXBuildFile; fileRef = 1C8D40DE1AE9CF410012A0E1 /* Stark Hall.jpg */; };
		1C8D40E11AE9D8B70012A0E1 /* Science Laboratory Center.jpg in Resources */ = {isa = PBXBuildFile; fileRef = 1C8D40E01AE9D8B70012A0E1 /* Science Laboratory Center.jpg */; };
		1C8D40E51AE9DA140012A0E1 /* Shepard Hall.jpg in Resources */ = {isa = PBXBuildFile; fileRef = 1C8D40E41AE9DA140012A0E1 /* Shepard Hall.jpg */; };
		1C8D40E71AE9DB7B0012A0E1 /* Watkins Hall.jpg in Resources */ = {isa = PBXBuildFile; fileRef = 1C8D40E61AE9DB7B0012A0E1 /* Watkins Hall.jpg */; };
		1C8D40E91AE9DC780012A0E1 /* Pasteur Hall.jpg in Resources */ = {isa = PBXBuildFile; fileRef = 1C8D40E81AE9DC780012A0E1 /* Pasteur Hall.jpg */; };
		1C8D40EB1AE9DD310012A0E1 /* Maxwell Hall.jpg in Resources */ = {isa = PBXBuildFile; fileRef = 1C8D40EA1AE9DD310012A0E1 /* Maxwell Hall.jpg */; };
		1C8D40ED1AE9DEEA0012A0E1 /* Phelps Hall.jpg in Resources */ = {isa = PBXBuildFile; fileRef = 1C8D40EC1AE9DEEA0012A0E1 /* Phelps Hall.jpg */; };
		1C8D40EF1AE9E06F0012A0E1 /* Somsen Hall.jpg in Resources */ = {isa = PBXBuildFile; fileRef = 1C8D40EE1AE9E06F0012A0E1 /* Somsen Hall.jpg */; };
		1C8D40F11AE9E1D00012A0E1 /* Memorial Hall.jpg in Resources */ = {isa = PBXBuildFile; fileRef = 1C8D40F01AE9E1D00012A0E1 /* Memorial Hall.jpg */; };
		1C8D40F31AE9E3CB0012A0E1 /* Prentiss Hall.jpg in Resources */ = {isa = PBXBuildFile; fileRef = 1C8D40F21AE9E3CB0012A0E1 /* Prentiss Hall.jpg */; };
		1C8D40F51AE9E4EE0012A0E1 /* Lucas Hall.jpg in Resources */ = {isa = PBXBuildFile; fileRef = 1C8D40F41AE9E4EE0012A0E1 /* Lucas Hall.jpg */; };
		1C8D40F71AE9E5FE0012A0E1 /* Gildemeister Hall.jpg in Resources */ = {isa = PBXBuildFile; fileRef = 1C8D40F61AE9E5FE0012A0E1 /* Gildemeister Hall.jpg */; };
		1C8D40F91AE9E7E40012A0E1 /* Performing Arts Center.jpg in Resources */ = {isa = PBXBuildFile; fileRef = 1C8D40F81AE9E7E40012A0E1 /* Performing Arts Center.jpg */; };
		1C8D40FB1AE9E9680012A0E1 /* Integrated Wellness Complex.jpg in Resources */ = {isa = PBXBuildFile; fileRef = 1C8D40FA1AE9E9680012A0E1 /* Integrated Wellness Complex.jpg */; };
		1C8D40FD1AE9EA370012A0E1 /* Security Office.jpg in Resources */ = {isa = PBXBuildFile; fileRef = 1C8D40FC1AE9EA370012A0E1 /* Security Office.jpg */; };
		1C8D40FF1AE9EC9D0012A0E1 /* Sheenhan Hall.jpg in Resources */ = {isa = PBXBuildFile; fileRef = 1C8D40FE1AE9EC9D0012A0E1 /* Sheenhan Hall.jpg */; };
		1C8D41011AE9ED980012A0E1 /* Minne Hall.jpg in Resources */ = {isa = PBXBuildFile; fileRef = 1C8D41001AE9ED980012A0E1 /* Minne Hall.jpg */; };
		1C8D41031AE9EE9A0012A0E1 /* Darrel W Krueger Library.jpg in Resources */ = {isa = PBXBuildFile; fileRef = 1C8D41021AE9EE9A0012A0E1 /* Darrel W Krueger Library.jpg */; };
		1C8D41051AE9EF780012A0E1 /* Main St House.jpg in Resources */ = {isa = PBXBuildFile; fileRef = 1C8D41041AE9EF780012A0E1 /* Main St House.jpg */; };
		1C8D41081AE9F5F10012A0E1 /* Kirkland Hall.jpg in Resources */ = {isa = PBXBuildFile; fileRef = 1C8D41061AE9F5F10012A0E1 /* Kirkland Hall.jpg */; };
		1C8D41091AE9F5F10012A0E1 /* New Center West.jpg in Resources */ = {isa = PBXBuildFile; fileRef = 1C8D41071AE9F5F10012A0E1 /* New Center West.jpg */; };
		1C8D410C1AE9F6F80012A0E1 /* College Center.jpg in Resources */ = {isa = PBXBuildFile; fileRef = 1C8D410A1AE9F6F80012A0E1 /* College Center.jpg */; };
		1C8D410D1AE9F6F80012A0E1 /* Kryzsko Commons.jpg in Resources */ = {isa = PBXBuildFile; fileRef = 1C8D410B1AE9F6F80012A0E1 /* Kryzsko Commons.jpg */; };
		1CD66F491ACCE05700DC6B5D /* CampusOverlayView.swift in Sources */ = {isa = PBXBuildFile; fileRef = 1CD66F481ACCE05700DC6B5D /* CampusOverlayView.swift */; };
		1CD66F4B1ACCE3D600DC6B5D /* overlay_park.png in Resources */ = {isa = PBXBuildFile; fileRef = 1CD66F4A1ACCE3D600DC6B5D /* overlay_park.png */; };
		1CD66F4D1ACCEFEB00DC6B5D /* MagicMountain.plist in Resources */ = {isa = PBXBuildFile; fileRef = 1CD66F4C1ACCEFEB00DC6B5D /* MagicMountain.plist */; };
		1CE496E81AEB08BC006AA98F /* trangle.png in Resources */ = {isa = PBXBuildFile; fileRef = 1CE496E71AEB08BC006AA98F /* trangle.png */; };
		1CE496EA1AEB0D60006AA98F /* triangle2.png in Resources */ = {isa = PBXBuildFile; fileRef = 1CE496E91AEB0D60006AA98F /* triangle2.png */; };
		1CE496EC1AEB11D9006AA98F /* Gazebo.jpg in Resources */ = {isa = PBXBuildFile; fileRef = 1CE496EB1AEB11D9006AA98F /* Gazebo.jpg */; };
		570E48F11AC8D560004DC3EA /* AppDelegate.swift in Sources */ = {isa = PBXBuildFile; fileRef = 570E48F01AC8D560004DC3EA /* AppDelegate.swift */; };
		570E48F31AC8D560004DC3EA /* ViewController.swift in Sources */ = {isa = PBXBuildFile; fileRef = 570E48F21AC8D560004DC3EA /* ViewController.swift */; };
		570E48F81AC8D560004DC3EA /* Images.xcassets in Resources */ = {isa = PBXBuildFile; fileRef = 570E48F71AC8D560004DC3EA /* Images.xcassets */; };
		570E48FB1AC8D560004DC3EA /* LaunchScreen.xib in Resources */ = {isa = PBXBuildFile; fileRef = 570E48F91AC8D560004DC3EA /* LaunchScreen.xib */; };
		570E49071AC8D560004DC3EA /* CampusMapper1_0Tests.swift in Sources */ = {isa = PBXBuildFile; fileRef = 570E49061AC8D560004DC3EA /* CampusMapper1_0Tests.swift */; };
		575579121ACB616E002AE6ED /* search.png in Resources */ = {isa = PBXBuildFile; fileRef = 575579111ACB616E002AE6ED /* search.png */; };
		5763AC501AE9F89B00EF5561 /* close.png in Resources */ = {isa = PBXBuildFile; fileRef = 5763AC4F1AE9F89B00EF5561 /* close.png */; };
		576F03C41AE6E02D007A4F6B /* SecondaryViewController.swift in Sources */ = {isa = PBXBuildFile; fileRef = 576F03C31AE6E02D007A4F6B /* SecondaryViewController.swift */; };
		57CA0B4D1AE9B3B200657C3E /* ThirdViewController.swift in Sources */ = {isa = PBXBuildFile; fileRef = 57CA0B4C1AE9B3B200657C3E /* ThirdViewController.swift */; };
		57CA0B4F1AE9B94F00657C3E /* direct.gif in Resources */ = {isa = PBXBuildFile; fileRef = 57CA0B4E1AE9B94F00657C3E /* direct.gif */; };
/* End PBXBuildFile section */

/* Begin PBXContainerItemProxy section */
		570E49011AC8D560004DC3EA /* PBXContainerItemProxy */ = {
			isa = PBXContainerItemProxy;
			containerPortal = 570E48E31AC8D55F004DC3EA /* Project object */;
			proxyType = 1;
			remoteGlobalIDString = 570E48EA1AC8D55F004DC3EA;
			remoteInfo = CampusMapper1.0;
		};
/* End PBXContainerItemProxy section */

/* Begin PBXFileReference section */
		1C53B6BD1AD8E61100B74C57 /* mapsLatLongOverlay3.png */ = {isa = PBXFileReference; lastKnownFileType = image.png; path = mapsLatLongOverlay3.png; sourceTree = "<group>"; };
		1C78AF601AE031EF00F4A9E8 /* BuildingAnnotation.swift */ = {isa = PBXFileReference; fileEncoding = 4; lastKnownFileType = sourcecode.swift; name = BuildingAnnotation.swift; path = ../BuildingAnnotation.swift; sourceTree = "<group>"; };
		1C78AF621AE0350F00F4A9E8 /* BuildingAnnotationView.swift */ = {isa = PBXFileReference; fileEncoding = 4; lastKnownFileType = sourcecode.swift; path = BuildingAnnotationView.swift; sourceTree = "<group>"; };
		1C8D060B1ACCCE9F000F674B /* campusTestOverlay.png */ = {isa = PBXFileReference; lastKnownFileType = image.png; path = campusTestOverlay.png; sourceTree = "<group>"; };
		1C8D060D1ACCD3BB000F674B /* CampusOverlay.swift */ = {isa = PBXFileReference; fileEncoding = 4; lastKnownFileType = sourcecode.swift; path = CampusOverlay.swift; sourceTree = "<group>"; };
		1C8D060F1ACCD5D5000F674B /* MagicMountainAttractions.plist */ = {isa = PBXFileReference; fileEncoding = 4; lastKnownFileType = text.plist.xml; path = MagicMountainAttractions.plist; sourceTree = "<group>"; };
		1C8D06111ACCD629000F674B /* CampusCoords.plist */ = {isa = PBXFileReference; fileEncoding = 4; lastKnownFileType = text.plist.xml; path = CampusCoords.plist; sourceTree = "<group>"; };
		1C8D06131ACCD755000F674B /* Campus.swift */ = {isa = PBXFileReference; fileEncoding = 4; lastKnownFileType = sourcecode.swift; path = Campus.swift; sourceTree = "<group>"; };
		1C8D40861AE6C8AE0012A0E1 /* CampusCoordsBuildings.plist */ = {isa = PBXFileReference; fileEncoding = 4; lastKnownFileType = text.plist.xml; path = CampusCoordsBuildings.plist; sourceTree = "<group>"; };
		1C8D408B1AE70C210012A0E1 /* black128x128.png */ = {isa = PBXFileReference; lastKnownFileType = image.png; path = black128x128.png; sourceTree = "<group>"; };
		1C8D408F1AE70CF10012A0E1 /* trans128x128.png */ = {isa = PBXFileReference; lastKnownFileType = image.png; path = trans128x128.png; sourceTree = "<group>"; };
		1C8D40911AE7125A0012A0E1 /* CustomCalloutView.swift */ = {isa = PBXFileReference; fileEncoding = 4; lastKnownFileType = sourcecode.swift; path = CustomCalloutView.swift; sourceTree = "<group>"; };
		1C8D40931AE719700012A0E1 /* 40x40.gif */ = {isa = PBXFileReference; lastKnownFileType = image.gif; path = 40x40.gif; sourceTree = "<group>"; };
		1C8D40951AE891B00012A0E1 /* TauCenter_exterior.jpg */ = {isa = PBXFileReference; lastKnownFileType = image.jpeg; path = TauCenter_exterior.jpg; sourceTree = "<group>"; };
		1C8D40961AE891B00012A0E1 /* Lourdes_exterior.jpg */ = {isa = PBXFileReference; lastKnownFileType = image.jpeg; path = Lourdes_exterior.jpg; sourceTree = "<group>"; };
		1C8D40D51AE9C1EF0012A0E1 /* Morey Hall.jpg */ = {isa = PBXFileReference; lastKnownFileType = image.jpeg; path = "Morey Hall.jpg"; sourceTree = "<group>"; };
		1C8D40D81AE9C7B60012A0E1 /* Richards Hall.jpg */ = {isa = PBXFileReference; lastKnownFileType = image.jpeg; path = "Richards Hall.jpg"; sourceTree = "<group>"; };
		1C8D40DC1AE9CDE80012A0E1 /* Conway.jpg */ = {isa = PBXFileReference; lastKnownFileType = image.jpeg; name = Conway.jpg; path = ../Conway.jpg; sourceTree = "<group>"; };
		1C8D40DE1AE9CF410012A0E1 /* Stark Hall.jpg */ = {isa = PBXFileReference; lastKnownFileType = image.jpeg; path = "Stark Hall.jpg"; sourceTree = "<group>"; };
		1C8D40E01AE9D8B70012A0E1 /* Science Laboratory Center.jpg */ = {isa = PBXFileReference; lastKnownFileType = image.jpeg; path = "Science Laboratory Center.jpg"; sourceTree = "<group>"; };
		1C8D40E41AE9DA140012A0E1 /* Shepard Hall.jpg */ = {isa = PBXFileReference; lastKnownFileType = image.jpeg; path = "Shepard Hall.jpg"; sourceTree = "<group>"; };
		1C8D40E61AE9DB7B0012A0E1 /* Watkins Hall.jpg */ = {isa = PBXFileReference; lastKnownFileType = image.jpeg; path = "Watkins Hall.jpg"; sourceTree = "<group>"; };
		1C8D40E81AE9DC780012A0E1 /* Pasteur Hall.jpg */ = {isa = PBXFileReference; lastKnownFileType = image.jpeg; path = "Pasteur Hall.jpg"; sourceTree = "<group>"; };
		1C8D40EA1AE9DD310012A0E1 /* Maxwell Hall.jpg */ = {isa = PBXFileReference; lastKnownFileType = image.jpeg; path = "Maxwell Hall.jpg"; sourceTree = "<group>"; };
		1C8D40EC1AE9DEEA0012A0E1 /* Phelps Hall.jpg */ = {isa = PBXFileReference; lastKnownFileType = image.jpeg; path = "Phelps Hall.jpg"; sourceTree = "<group>"; };
		1C8D40EE1AE9E06F0012A0E1 /* Somsen Hall.jpg */ = {isa = PBXFileReference; lastKnownFileType = image.jpeg; path = "Somsen Hall.jpg"; sourceTree = "<group>"; };
		1C8D40F01AE9E1D00012A0E1 /* Memorial Hall.jpg */ = {isa = PBXFileReference; lastKnownFileType = image.jpeg; path = "Memorial Hall.jpg"; sourceTree = "<group>"; };
		1C8D40F21AE9E3CB0012A0E1 /* Prentiss Hall.jpg */ = {isa = PBXFileReference; lastKnownFileType = image.jpeg; path = "Prentiss Hall.jpg"; sourceTree = "<group>"; };
		1C8D40F41AE9E4EE0012A0E1 /* Lucas Hall.jpg */ = {isa = PBXFileReference; lastKnownFileType = image.jpeg; path = "Lucas Hall.jpg"; sourceTree = "<group>"; };
		1C8D40F61AE9E5FE0012A0E1 /* Gildemeister Hall.jpg */ = {isa = PBXFileReference; lastKnownFileType = image.jpeg; path = "Gildemeister Hall.jpg"; sourceTree = "<group>"; };
		1C8D40F81AE9E7E40012A0E1 /* Performing Arts Center.jpg */ = {isa = PBXFileReference; lastKnownFileType = image.jpeg; path = "Performing Arts Center.jpg"; sourceTree = "<group>"; };
		1C8D40FA1AE9E9680012A0E1 /* Integrated Wellness Complex.jpg */ = {isa = PBXFileReference; lastKnownFileType = image.jpeg; path = "Integrated Wellness Complex.jpg"; sourceTree = "<group>"; };
		1C8D40FC1AE9EA370012A0E1 /* Security Office.jpg */ = {isa = PBXFileReference; lastKnownFileType = image.jpeg; path = "Security Office.jpg"; sourceTree = "<group>"; };
		1C8D40FE1AE9EC9D0012A0E1 /* Sheenhan Hall.jpg */ = {isa = PBXFileReference; lastKnownFileType = image.jpeg; path = "Sheenhan Hall.jpg"; sourceTree = "<group>"; };
		1C8D41001AE9ED980012A0E1 /* Minne Hall.jpg */ = {isa = PBXFileReference; lastKnownFileType = image.jpeg; path = "Minne Hall.jpg"; sourceTree = "<group>"; };
		1C8D41021AE9EE9A0012A0E1 /* Darrel W Krueger Library.jpg */ = {isa = PBXFileReference; lastKnownFileType = image.jpeg; path = "Darrel W Krueger Library.jpg"; sourceTree = "<group>"; };
		1C8D41041AE9EF780012A0E1 /* Main St House.jpg */ = {isa = PBXFileReference; lastKnownFileType = image.jpeg; path = "Main St House.jpg"; sourceTree = "<group>"; };
		1C8D41061AE9F5F10012A0E1 /* Kirkland Hall.jpg */ = {isa = PBXFileReference; lastKnownFileType = image.jpeg; path = "Kirkland Hall.jpg"; sourceTree = "<group>"; };
		1C8D41071AE9F5F10012A0E1 /* New Center West.jpg */ = {isa = PBXFileReference; lastKnownFileType = image.jpeg; path = "New Center West.jpg"; sourceTree = "<group>"; };
		1C8D410A1AE9F6F80012A0E1 /* College Center.jpg */ = {isa = PBXFileReference; lastKnownFileType = image.jpeg; path = "College Center.jpg"; sourceTree = "<group>"; };
		1C8D410B1AE9F6F80012A0E1 /* Kryzsko Commons.jpg */ = {isa = PBXFileReference; lastKnownFileType = image.jpeg; path = "Kryzsko Commons.jpg"; sourceTree = "<group>"; };
		1CD66F481ACCE05700DC6B5D /* CampusOverlayView.swift */ = {isa = PBXFileReference; fileEncoding = 4; lastKnownFileType = sourcecode.swift; path = CampusOverlayView.swift; sourceTree = "<group>"; };
		1CD66F4A1ACCE3D600DC6B5D /* overlay_park.png */ = {isa = PBXFileReference; lastKnownFileType = image.png; path = overlay_park.png; sourceTree = "<group>"; };
		1CD66F4C1ACCEFEB00DC6B5D /* MagicMountain.plist */ = {isa = PBXFileReference; fileEncoding = 4; lastKnownFileType = text.plist.xml; path = MagicMountain.plist; sourceTree = "<group>"; };
		1CE496E71AEB08BC006AA98F /* trangle.png */ = {isa = PBXFileReference; lastKnownFileType = image.png; path = trangle.png; sourceTree = "<group>"; };
		1CE496E91AEB0D60006AA98F /* triangle2.png */ = {isa = PBXFileReference; lastKnownFileType = image.png; path = triangle2.png; sourceTree = "<group>"; };
		1CE496EB1AEB11D9006AA98F /* Gazebo.jpg */ = {isa = PBXFileReference; lastKnownFileType = image.jpeg; path = Gazebo.jpg; sourceTree = "<group>"; };
		570E48EB1AC8D55F004DC3EA /* CampusMapper1.0.app */ = {isa = PBXFileReference; explicitFileType = wrapper.application; includeInIndex = 0; path = CampusMapper1.0.app; sourceTree = BUILT_PRODUCTS_DIR; };
		570E48EF1AC8D560004DC3EA /* Info.plist */ = {isa = PBXFileReference; lastKnownFileType = text.plist.xml; path = Info.plist; sourceTree = "<group>"; };
		570E48F01AC8D560004DC3EA /* AppDelegate.swift */ = {isa = PBXFileReference; lastKnownFileType = sourcecode.swift; path = AppDelegate.swift; sourceTree = "<group>"; };
		570E48F21AC8D560004DC3EA /* ViewController.swift */ = {isa = PBXFileReference; lastKnownFileType = sourcecode.swift; path = ViewController.swift; sourceTree = "<group>"; };
		570E48F71AC8D560004DC3EA /* Images.xcassets */ = {isa = PBXFileReference; lastKnownFileType = folder.assetcatalog; path = Images.xcassets; sourceTree = "<group>"; };
		570E48FA1AC8D560004DC3EA /* Base */ = {isa = PBXFileReference; lastKnownFileType = file.xib; name = Base; path = Base.lproj/LaunchScreen.xib; sourceTree = "<group>"; };
		570E49001AC8D560004DC3EA /* CampusMapper1.0Tests.xctest */ = {isa = PBXFileReference; explicitFileType = wrapper.cfbundle; includeInIndex = 0; path = CampusMapper1.0Tests.xctest; sourceTree = BUILT_PRODUCTS_DIR; };
		570E49051AC8D560004DC3EA /* Info.plist */ = {isa = PBXFileReference; lastKnownFileType = text.plist.xml; path = Info.plist; sourceTree = "<group>"; };
		570E49061AC8D560004DC3EA /* CampusMapper1_0Tests.swift */ = {isa = PBXFileReference; lastKnownFileType = sourcecode.swift; path = CampusMapper1_0Tests.swift; sourceTree = "<group>"; };
		575579111ACB616E002AE6ED /* search.png */ = {isa = PBXFileReference; lastKnownFileType = image.png; path = search.png; sourceTree = "<group>"; };
		5763AC4F1AE9F89B00EF5561 /* close.png */ = {isa = PBXFileReference; lastKnownFileType = image.png; path = close.png; sourceTree = "<group>"; };
		576F03C31AE6E02D007A4F6B /* SecondaryViewController.swift */ = {isa = PBXFileReference; fileEncoding = 4; lastKnownFileType = sourcecode.swift; path = SecondaryViewController.swift; sourceTree = "<group>"; };
		57CA0B4C1AE9B3B200657C3E /* ThirdViewController.swift */ = {isa = PBXFileReference; fileEncoding = 4; lastKnownFileType = sourcecode.swift; name = ThirdViewController.swift; path = ../ThirdViewController.swift; sourceTree = "<group>"; };
		57CA0B4E1AE9B94F00657C3E /* direct.gif */ = {isa = PBXFileReference; lastKnownFileType = image.gif; path = direct.gif; sourceTree = "<group>"; };
/* End PBXFileReference section */

/* Begin PBXFrameworksBuildPhase section */
		570E48E81AC8D55F004DC3EA /* Frameworks */ = {
			isa = PBXFrameworksBuildPhase;
			buildActionMask = 2147483647;
			files = (
			);
			runOnlyForDeploymentPostprocessing = 0;
		};
		570E48FD1AC8D560004DC3EA /* Frameworks */ = {
			isa = PBXFrameworksBuildPhase;
			buildActionMask = 2147483647;
			files = (
			);
			runOnlyForDeploymentPostprocessing = 0;
		};
/* End PBXFrameworksBuildPhase section */

/* Begin PBXGroup section */
		1C8D408A1AE707CB0012A0E1 /* otherImages */ = {
			isa = PBXGroup;
			children = (
				1CE496E91AEB0D60006AA98F /* triangle2.png */,
				1CE496E71AEB08BC006AA98F /* trangle.png */,
				1C8D40951AE891B00012A0E1 /* TauCenter_exterior.jpg */,
				1C8D40961AE891B00012A0E1 /* Lourdes_exterior.jpg */,
				1C8D40931AE719700012A0E1 /* 40x40.gif */,
				1C8D408F1AE70CF10012A0E1 /* trans128x128.png */,
				1C8D408B1AE70C210012A0E1 /* black128x128.png */,
			);
			name = otherImages;
			sourceTree = "<group>";
		};
		1C8D40D71AE9C75E0012A0E1 /* buildingImages */ = {
			isa = PBXGroup;
			children = (
				1CE496EB1AEB11D9006AA98F /* Gazebo.jpg */,
				1C8D410A1AE9F6F80012A0E1 /* College Center.jpg */,
				1C8D410B1AE9F6F80012A0E1 /* Kryzsko Commons.jpg */,
				1C8D41061AE9F5F10012A0E1 /* Kirkland Hall.jpg */,
				1C8D41071AE9F5F10012A0E1 /* New Center West.jpg */,
				1C8D41041AE9EF780012A0E1 /* Main St House.jpg */,
				1C8D41021AE9EE9A0012A0E1 /* Darrel W Krueger Library.jpg */,
				1C8D41001AE9ED980012A0E1 /* Minne Hall.jpg */,
				1C8D40FE1AE9EC9D0012A0E1 /* Sheenhan Hall.jpg */,
				1C8D40FC1AE9EA370012A0E1 /* Security Office.jpg */,
				1C8D40FA1AE9E9680012A0E1 /* Integrated Wellness Complex.jpg */,
				1C8D40F81AE9E7E40012A0E1 /* Performing Arts Center.jpg */,
				1C8D40F61AE9E5FE0012A0E1 /* Gildemeister Hall.jpg */,
				1C8D40F41AE9E4EE0012A0E1 /* Lucas Hall.jpg */,
				1C8D40F21AE9E3CB0012A0E1 /* Prentiss Hall.jpg */,
				1C8D40F01AE9E1D00012A0E1 /* Memorial Hall.jpg */,
				1C8D40EE1AE9E06F0012A0E1 /* Somsen Hall.jpg */,
				1C8D40EC1AE9DEEA0012A0E1 /* Phelps Hall.jpg */,
				1C8D40EA1AE9DD310012A0E1 /* Maxwell Hall.jpg */,
				1C8D40E81AE9DC780012A0E1 /* Pasteur Hall.jpg */,
				1C8D40E61AE9DB7B0012A0E1 /* Watkins Hall.jpg */,
				1C8D40E41AE9DA140012A0E1 /* Shepard Hall.jpg */,
				1C8D40E01AE9D8B70012A0E1 /* Science Laboratory Center.jpg */,
				1C8D40DE1AE9CF410012A0E1 /* Stark Hall.jpg */,
				1C8D40DC1AE9CDE80012A0E1 /* Conway.jpg */,
				1C8D40D81AE9C7B60012A0E1 /* Richards Hall.jpg */,
				1C8D40D51AE9C1EF0012A0E1 /* Morey Hall.jpg */,
			);
			name = buildingImages;
			sourceTree = "<group>";
		};
		570E48E21AC8D55F004DC3EA = {
			isa = PBXGroup;
			children = (
				570E48ED1AC8D55F004DC3EA /* CampusMapper1.0 */,
				570E49031AC8D560004DC3EA /* CampusMapper1.0Tests */,
				570E48EC1AC8D55F004DC3EA /* Products */,
			);
			sourceTree = "<group>";
		};
		570E48EC1AC8D55F004DC3EA /* Products */ = {
			isa = PBXGroup;
			children = (
				570E48EB1AC8D55F004DC3EA /* CampusMapper1.0.app */,
				570E49001AC8D560004DC3EA /* CampusMapper1.0Tests.xctest */,
			);
			name = Products;
			sourceTree = "<group>";
		};
		570E48ED1AC8D55F004DC3EA /* CampusMapper1.0 */ = {
			isa = PBXGroup;
			children = (
				57CA0B4C1AE9B3B200657C3E /* ThirdViewController.swift */,
				576F03C31AE6E02D007A4F6B /* SecondaryViewController.swift */,
				570E48F21AC8D560004DC3EA /* ViewController.swift */,
				570E48F01AC8D560004DC3EA /* AppDelegate.swift */,
				570E48F21AC8D560004DC3EA /* ViewController.swift */,
				1C78AF621AE0350F00F4A9E8 /* BuildingAnnotationView.swift */,
				1C8D40911AE7125A0012A0E1 /* CustomCalloutView.swift */,
				1C78AF601AE031EF00F4A9E8 /* BuildingAnnotation.swift */,
				1C8D06131ACCD755000F674B /* Campus.swift */,
				1C8D060D1ACCD3BB000F674B /* CampusOverlay.swift */,
				1CD66F481ACCE05700DC6B5D /* CampusOverlayView.swift */,
				570E48EE1AC8D560004DC3EA /* Supporting Files */,
			);
			path = CampusMapper1.0;
			sourceTree = "<group>";
		};
		570E48EE1AC8D560004DC3EA /* Supporting Files */ = {
			isa = PBXGroup;
			children = (
				5763AC4F1AE9F89B00EF5561 /* close.png */,
				57CA0B4E1AE9B94F00657C3E /* direct.gif */,
				1C53B6BD1AD8E61100B74C57 /* mapsLatLongOverlay3.png */,
				1C8D06111ACCD629000F674B /* CampusCoords.plist */,
				1C8D40861AE6C8AE0012A0E1 /* CampusCoordsBuildings.plist */,
				570E48F71AC8D560004DC3EA /* Images.xcassets */,
				1CD66F4C1ACCEFEB00DC6B5D /* MagicMountain.plist */,
				1C8D060F1ACCD5D5000F674B /* MagicMountainAttractions.plist */,
				1CD66F4A1ACCE3D600DC6B5D /* overlay_park.png */,
				570E48EF1AC8D560004DC3EA /* Info.plist */,
				570E48F91AC8D560004DC3EA /* LaunchScreen.xib */,
				575579111ACB616E002AE6ED /* search.png */,
			);
			name = "Supporting Files";
			sourceTree = "<group>";
		};
		570E49031AC8D560004DC3EA /* CampusMapper1.0Tests */ = {
			isa = PBXGroup;
			children = (
				570E49061AC8D560004DC3EA /* CampusMapper1_0Tests.swift */,
				570E49041AC8D560004DC3EA /* Supporting Files */,
			);
			path = CampusMapper1.0Tests;
			sourceTree = "<group>";
		};
		570E49041AC8D560004DC3EA /* Supporting Files */ = {
			isa = PBXGroup;
			children = (
				570E49051AC8D560004DC3EA /* Info.plist */,
			);
			name = "Supporting Files";
			sourceTree = "<group>";
		};
/* End PBXGroup section */

/* Begin PBXNativeTarget section */
		570E48EA1AC8D55F004DC3EA /* CampusMapper1.0 */ = {
			isa = PBXNativeTarget;
			buildConfigurationList = 570E490A1AC8D560004DC3EA /* Build configuration list for PBXNativeTarget "CampusMapper1.0" */;
			buildPhases = (
				570E48E71AC8D55F004DC3EA /* Sources */,
				570E48E81AC8D55F004DC3EA /* Frameworks */,
				570E48E91AC8D55F004DC3EA /* Resources */,
			);
			buildRules = (
			);
			dependencies = (
			);
			name = CampusMapper1.0;
			productName = CampusMapper1.0;
			productReference = 570E48EB1AC8D55F004DC3EA /* CampusMapper1.0.app */;
			productType = "com.apple.product-type.application";
		};
		570E48FF1AC8D560004DC3EA /* CampusMapper1.0Tests */ = {
			isa = PBXNativeTarget;
			buildConfigurationList = 570E490D1AC8D560004DC3EA /* Build configuration list for PBXNativeTarget "CampusMapper1.0Tests" */;
			buildPhases = (
				570E48FC1AC8D560004DC3EA /* Sources */,
				570E48FD1AC8D560004DC3EA /* Frameworks */,
				570E48FE1AC8D560004DC3EA /* Resources */,
			);
			buildRules = (
			);
			dependencies = (
				570E49021AC8D560004DC3EA /* PBXTargetDependency */,
			);
			name = CampusMapper1.0Tests;
			productName = CampusMapper1.0Tests;
			productReference = 570E49001AC8D560004DC3EA /* CampusMapper1.0Tests.xctest */;
			productType = "com.apple.product-type.bundle.unit-test";
		};
/* End PBXNativeTarget section */

/* Begin PBXProject section */
		570E48E31AC8D55F004DC3EA /* Project object */ = {
			isa = PBXProject;
			attributes = {
				LastUpgradeCheck = 0620;
				ORGANIZATIONNAME = "Hanneman, Alexander B";
				TargetAttributes = {
					570E48EA1AC8D55F004DC3EA = {
						CreatedOnToolsVersion = 6.2;
					};
					570E48FF1AC8D560004DC3EA = {
						CreatedOnToolsVersion = 6.2;
						TestTargetID = 570E48EA1AC8D55F004DC3EA;
					};
				};
			};
			buildConfigurationList = 570E48E61AC8D55F004DC3EA /* Build configuration list for PBXProject "CampusMapper1.0" */;
			compatibilityVersion = "Xcode 3.2";
			developmentRegion = English;
			hasScannedForEncodings = 0;
			knownRegions = (
				en,
				Base,
			);
			mainGroup = 570E48E21AC8D55F004DC3EA;
			productRefGroup = 570E48EC1AC8D55F004DC3EA /* Products */;
			projectDirPath = "";
			projectRoot = "";
			targets = (
				570E48EA1AC8D55F004DC3EA /* CampusMapper1.0 */,
				570E48FF1AC8D560004DC3EA /* CampusMapper1.0Tests */,
			);
		};
/* End PBXProject section */

/* Begin PBXResourcesBuildPhase section */
		570E48E91AC8D55F004DC3EA /* Resources */ = {
			isa = PBXResourcesBuildPhase;
			buildActionMask = 2147483647;
			files = (
				1C8D40FF1AE9EC9D0012A0E1 /* Sheenhan Hall.jpg in Resources */,
				1CE496E81AEB08BC006AA98F /* trangle.png in Resources */,
				570E48FB1AC8D560004DC3EA /* LaunchScreen.xib in Resources */,
				5763AC501AE9F89B00EF5561 /* close.png in Resources */,
				1C53B6BE1AD8E61100B74C57 /* mapsLatLongOverlay3.png in Resources */,
				1C8D40A01AE891B00012A0E1 /* Lourdes_exterior.jpg in Resources */,
				1CE496EC1AEB11D9006AA98F /* Gazebo.jpg in Resources */,
				1C8D40FD1AE9EA370012A0E1 /* Security Office.jpg in Resources */,
				1C8D40F51AE9E4EE0012A0E1 /* Lucas Hall.jpg in Resources */,
				1C8D40E51AE9DA140012A0E1 /* Shepard Hall.jpg in Resources */,
				1CD66F4D1ACCEFEB00DC6B5D /* MagicMountain.plist in Resources */,
				1C8D40DF1AE9CF410012A0E1 /* Stark Hall.jpg in Resources */,
				1C8D410C1AE9F6F80012A0E1 /* College Center.jpg in Resources */,
				1C8D40EF1AE9E06F0012A0E1 /* Somsen Hall.jpg in Resources */,
				1C8D41091AE9F5F10012A0E1 /* New Center West.jpg in Resources */,
				1C8D40D91AE9C7B60012A0E1 /* Richards Hall.jpg in Resources */,
				1C8D40FB1AE9E9680012A0E1 /* Integrated Wellness Complex.jpg in Resources */,
				1C8D40F71AE9E5FE0012A0E1 /* Gildemeister Hall.jpg in Resources */,
				1C8D41051AE9EF780012A0E1 /* Main St House.jpg in Resources */,
				575579121ACB616E002AE6ED /* search.png in Resources */,
				1C8D060C1ACCCE9F000F674B /* campusTestOverlay.png in Resources */,
				1C8D408C1AE70C220012A0E1 /* black128x128.png in Resources */,
				1C8D40EB1AE9DD310012A0E1 /* Maxwell Hall.jpg in Resources */,
				1C8D409F1AE891B00012A0E1 /* TauCenter_exterior.jpg in Resources */,
				1C8D40941AE719700012A0E1 /* 40x40.gif in Resources */,
				1C8D410D1AE9F6F80012A0E1 /* Kryzsko Commons.jpg in Resources */,
				1C8D40F11AE9E1D00012A0E1 /* Memorial Hall.jpg in Resources */,
				1C8D40901AE70CF10012A0E1 /* trans128x128.png in Resources */,
				1C8D41081AE9F5F10012A0E1 /* Kirkland Hall.jpg in Resources */,
				1C8D40D61AE9C1EF0012A0E1 /* Morey Hall.jpg in Resources */,
				1C8D40E91AE9DC780012A0E1 /* Pasteur Hall.jpg in Resources */,
				570E48F81AC8D560004DC3EA /* Images.xcassets in Resources */,
				1C8D06101ACCD5D5000F674B /* MagicMountainAttractions.plist in Resources */,
				57CA0B4F1AE9B94F00657C3E /* direct.gif in Resources */,
				1C8D06121ACCD629000F674B /* CampusCoords.plist in Resources */,
				1CE496EA1AEB0D60006AA98F /* triangle2.png in Resources */,
				1C8D40F31AE9E3CB0012A0E1 /* Prentiss Hall.jpg in Resources */,
				1C8D40E71AE9DB7B0012A0E1 /* Watkins Hall.jpg in Resources */,
				1C8D40E11AE9D8B70012A0E1 /* Science Laboratory Center.jpg in Resources */,
				1C8D40F91AE9E7E40012A0E1 /* Performing Arts Center.jpg in Resources */,
				1C8D41031AE9EE9A0012A0E1 /* Darrel W Krueger Library.jpg in Resources */,
				1C8D40DD1AE9CDE80012A0E1 /* Conway.jpg in Resources */,
				1CD66F4B1ACCE3D600DC6B5D /* overlay_park.png in Resources */,
				1C8D40ED1AE9DEEA0012A0E1 /* Phelps Hall.jpg in Resources */,
				1C8D41011AE9ED980012A0E1 /* Minne Hall.jpg in Resources */,
				1C8D40871AE6C8AE0012A0E1 /* CampusCoordsBuildings.plist in Resources */,
			);
			runOnlyForDeploymentPostprocessing = 0;
		};
		570E48FE1AC8D560004DC3EA /* Resources */ = {
			isa = PBXResourcesBuildPhase;
			buildActionMask = 2147483647;
			files = (
			);
			runOnlyForDeploymentPostprocessing = 0;
		};
/* End PBXResourcesBuildPhase section */

/* Begin PBXSourcesBuildPhase section */
		570E48E71AC8D55F004DC3EA /* Sources */ = {
			isa = PBXSourcesBuildPhase;
			buildActionMask = 2147483647;
			files = (
				1CD66F491ACCE05700DC6B5D /* CampusOverlayView.swift in Sources */,
				1C8D06141ACCD755000F674B /* Campus.swift in Sources */,
				1C78AF611AE031EF00F4A9E8 /* BuildingAnnotation.swift in Sources */,
				570E48F31AC8D560004DC3EA /* ViewController.swift in Sources */,
				57CA0B4D1AE9B3B200657C3E /* ThirdViewController.swift in Sources */,
				570E48F11AC8D560004DC3EA /* AppDelegate.swift in Sources */,
				1C8D060E1ACCD3BB000F674B /* CampusOverlay.swift in Sources */,
				576F03C41AE6E02D007A4F6B /* SecondaryViewController.swift in Sources */,
			);
			runOnlyForDeploymentPostprocessing = 0;
		};
		570E48FC1AC8D560004DC3EA /* Sources */ = {
			isa = PBXSourcesBuildPhase;
			buildActionMask = 2147483647;
			files = (
				570E49071AC8D560004DC3EA /* CampusMapper1_0Tests.swift in Sources */,
			);
			runOnlyForDeploymentPostprocessing = 0;
		};
/* End PBXSourcesBuildPhase section */

/* Begin PBXTargetDependency section */
		570E49021AC8D560004DC3EA /* PBXTargetDependency */ = {
			isa = PBXTargetDependency;
			target = 570E48EA1AC8D55F004DC3EA /* CampusMapper1.0 */;
			targetProxy = 570E49011AC8D560004DC3EA /* PBXContainerItemProxy */;
		};
/* End PBXTargetDependency section */

/* Begin PBXVariantGroup section */
		570E48F91AC8D560004DC3EA /* LaunchScreen.xib */ = {
			isa = PBXVariantGroup;
			children = (
				570E48FA1AC8D560004DC3EA /* Base */,
			);
			name = LaunchScreen.xib;
			sourceTree = "<group>";
		};
/* End PBXVariantGroup section */

/* Begin XCBuildConfiguration section */
		570E49081AC8D560004DC3EA /* Debug */ = {
			isa = XCBuildConfiguration;
			buildSettings = {
				ALWAYS_SEARCH_USER_PATHS = NO;
				CLANG_CXX_LANGUAGE_STANDARD = "gnu++0x";
				CLANG_CXX_LIBRARY = "libc++";
				CLANG_ENABLE_MODULES = YES;
				CLANG_ENABLE_OBJC_ARC = YES;
				CLANG_WARN_BOOL_CONVERSION = YES;
				CLANG_WARN_CONSTANT_CONVERSION = YES;
				CLANG_WARN_DIRECT_OBJC_ISA_USAGE = YES_ERROR;
				CLANG_WARN_EMPTY_BODY = YES;
				CLANG_WARN_ENUM_CONVERSION = YES;
				CLANG_WARN_INT_CONVERSION = YES;
				CLANG_WARN_OBJC_ROOT_CLASS = YES_ERROR;
				CLANG_WARN_UNREACHABLE_CODE = YES;
				CLANG_WARN__DUPLICATE_METHOD_MATCH = YES;
				"CODE_SIGN_IDENTITY[sdk=iphoneos*]" = "iPhone Developer";
				COPY_PHASE_STRIP = NO;
				ENABLE_STRICT_OBJC_MSGSEND = YES;
				GCC_C_LANGUAGE_STANDARD = gnu99;
				GCC_DYNAMIC_NO_PIC = NO;
				GCC_OPTIMIZATION_LEVEL = 0;
				GCC_PREPROCESSOR_DEFINITIONS = (
					"DEBUG=1",
					"$(inherited)",
				);
				GCC_SYMBOLS_PRIVATE_EXTERN = NO;
				GCC_WARN_64_TO_32_BIT_CONVERSION = YES;
				GCC_WARN_ABOUT_RETURN_TYPE = YES_ERROR;
				GCC_WARN_UNDECLARED_SELECTOR = YES;
				GCC_WARN_UNINITIALIZED_AUTOS = YES_AGGRESSIVE;
				GCC_WARN_UNUSED_FUNCTION = YES;
				GCC_WARN_UNUSED_VARIABLE = YES;
				IPHONEOS_DEPLOYMENT_TARGET = 8.2;
				MTL_ENABLE_DEBUG_INFO = YES;
				ONLY_ACTIVE_ARCH = YES;
				SDKROOT = iphoneos;
				SWIFT_OPTIMIZATION_LEVEL = "-Onone";
				TARGETED_DEVICE_FAMILY = "1,2";
			};
			name = Debug;
		};
		570E49091AC8D560004DC3EA /* Release */ = {
			isa = XCBuildConfiguration;
			buildSettings = {
				ALWAYS_SEARCH_USER_PATHS = NO;
				CLANG_CXX_LANGUAGE_STANDARD = "gnu++0x";
				CLANG_CXX_LIBRARY = "libc++";
				CLANG_ENABLE_MODULES = YES;
				CLANG_ENABLE_OBJC_ARC = YES;
				CLANG_WARN_BOOL_CONVERSION = YES;
				CLANG_WARN_CONSTANT_CONVERSION = YES;
				CLANG_WARN_DIRECT_OBJC_ISA_USAGE = YES_ERROR;
				CLANG_WARN_EMPTY_BODY = YES;
				CLANG_WARN_ENUM_CONVERSION = YES;
				CLANG_WARN_INT_CONVERSION = YES;
				CLANG_WARN_OBJC_ROOT_CLASS = YES_ERROR;
				CLANG_WARN_UNREACHABLE_CODE = YES;
				CLANG_WARN__DUPLICATE_METHOD_MATCH = YES;
				"CODE_SIGN_IDENTITY[sdk=iphoneos*]" = "iPhone Developer";
				COPY_PHASE_STRIP = NO;
				ENABLE_NS_ASSERTIONS = NO;
				ENABLE_STRICT_OBJC_MSGSEND = YES;
				GCC_C_LANGUAGE_STANDARD = gnu99;
				GCC_WARN_64_TO_32_BIT_CONVERSION = YES;
				GCC_WARN_ABOUT_RETURN_TYPE = YES_ERROR;
				GCC_WARN_UNDECLARED_SELECTOR = YES;
				GCC_WARN_UNINITIALIZED_AUTOS = YES_AGGRESSIVE;
				GCC_WARN_UNUSED_FUNCTION = YES;
				GCC_WARN_UNUSED_VARIABLE = YES;
				IPHONEOS_DEPLOYMENT_TARGET = 8.2;
				MTL_ENABLE_DEBUG_INFO = NO;
				SDKROOT = iphoneos;
				TARGETED_DEVICE_FAMILY = "1,2";
				VALIDATE_PRODUCT = YES;
			};
			name = Release;
		};
		570E490B1AC8D560004DC3EA /* Debug */ = {
			isa = XCBuildConfiguration;
			buildSettings = {
				ASSETCATALOG_COMPILER_APPICON_NAME = AppIcon;
				INFOPLIST_FILE = CampusMapper1.0/Info.plist;
				LD_RUNPATH_SEARCH_PATHS = "$(inherited) @executable_path/Frameworks";
				PRODUCT_NAME = "$(TARGET_NAME)";
			};
			name = Debug;
		};
		570E490C1AC8D560004DC3EA /* Release */ = {
			isa = XCBuildConfiguration;
			buildSettings = {
				ASSETCATALOG_COMPILER_APPICON_NAME = AppIcon;
				INFOPLIST_FILE = CampusMapper1.0/Info.plist;
				LD_RUNPATH_SEARCH_PATHS = "$(inherited) @executable_path/Frameworks";
				PRODUCT_NAME = "$(TARGET_NAME)";
			};
			name = Release;
		};
		570E490E1AC8D560004DC3EA /* Debug */ = {
			isa = XCBuildConfiguration;
			buildSettings = {
				BUNDLE_LOADER = "$(TEST_HOST)";
				FRAMEWORK_SEARCH_PATHS = (
					"$(SDKROOT)/Developer/Library/Frameworks",
					"$(inherited)",
				);
				GCC_PREPROCESSOR_DEFINITIONS = (
					"DEBUG=1",
					"$(inherited)",
				);
				INFOPLIST_FILE = CampusMapper1.0Tests/Info.plist;
				LD_RUNPATH_SEARCH_PATHS = "$(inherited) @executable_path/Frameworks @loader_path/Frameworks";
				PRODUCT_NAME = "$(TARGET_NAME)";
				TEST_HOST = "$(BUILT_PRODUCTS_DIR)/CampusMapper1.0.app/CampusMapper1.0";
			};
			name = Debug;
		};
		570E490F1AC8D560004DC3EA /* Release */ = {
			isa = XCBuildConfiguration;
			buildSettings = {
				BUNDLE_LOADER = "$(TEST_HOST)";
				FRAMEWORK_SEARCH_PATHS = (
					"$(SDKROOT)/Developer/Library/Frameworks",
					"$(inherited)",
				);
				INFOPLIST_FILE = CampusMapper1.0Tests/Info.plist;
				LD_RUNPATH_SEARCH_PATHS = "$(inherited) @executable_path/Frameworks @loader_path/Frameworks";
				PRODUCT_NAME = "$(TARGET_NAME)";
				TEST_HOST = "$(BUILT_PRODUCTS_DIR)/CampusMapper1.0.app/CampusMapper1.0";
			};
			name = Release;
		};
/* End XCBuildConfiguration section */

/* Begin XCConfigurationList section */
		570E48E61AC8D55F004DC3EA /* Build configuration list for PBXProject "CampusMapper1.0" */ = {
			isa = XCConfigurationList;
			buildConfigurations = (
				570E49081AC8D560004DC3EA /* Debug */,
				570E49091AC8D560004DC3EA /* Release */,
			);
			defaultConfigurationIsVisible = 0;
			defaultConfigurationName = Release;
		};
		570E490A1AC8D560004DC3EA /* Build configuration list for PBXNativeTarget "CampusMapper1.0" */ = {
			isa = XCConfigurationList;
			buildConfigurations = (
				570E490B1AC8D560004DC3EA /* Debug */,
				570E490C1AC8D560004DC3EA /* Release */,
			);
			defaultConfigurationIsVisible = 0;
			defaultConfigurationName = Release;
		};
		570E490D1AC8D560004DC3EA /* Build configuration list for PBXNativeTarget "CampusMapper1.0Tests" */ = {
			isa = XCConfigurationList;
			buildConfigurations = (
				570E490E1AC8D560004DC3EA /* Debug */,
				570E490F1AC8D560004DC3EA /* Release */,
			);
			defaultConfigurationIsVisible = 0;
			defaultConfigurationName = Release;
		};
/* End XCConfigurationList section */
	};
	rootObject = 570E48E31AC8D55F004DC3EA /* Project object */;
}
